Microsoft Visual Studio Solution File, Format Version 11.00
# Visual C++ Express 2010
Project("{8BC9CEB8-8B4A-11D0-8D11-00A0C91BC942}") = "x_botlib", "x_botlib\x_botlib.vcproj", "{ACB93D0D-F6CB-480B-9B20-CE6C5EDC13BD}"
EndProject
Project("{8BC9CEB8-8B4A-11D0-8D11-00A0C91BC942}") = "x_exe", "x_exe\x_exe.vcproj", "{EEDF772D-5D2B-4C0F-B5C8-0A5828917847}"
	ProjectSection(ProjectDependencies) = postProject
		{613EA919-780E-416D-90A9-67D3EB27F899} = {613EA919-780E-416D-90A9-67D3EB27F899}
		{A0451C0A-0B2F-400A-BBB1-98F517FAB30B} = {A0451C0A-0B2F-400A-BBB1-98F517FAB30B}
		{C79C9037-8F32-4833-A276-96B2FB96CCA5} = {C79C9037-8F32-4833-A276-96B2FB96CCA5}
		{ACB93D0D-F6CB-480B-9B20-CE6C5EDC13BD} = {ACB93D0D-F6CB-480B-9B20-CE6C5EDC13BD}
		{0959DD50-BCBA-4551-9617-E6FD4DF85298} = {0959DD50-BCBA-4551-9617-E6FD4DF85298}
	EndProjectSection
EndProject
Project("{8BC9CEB8-8B4A-11D0-8D11-00A0C91BC942}") = "x_jk2cgame", "x_jk2cgame\x_jk2cgame.vcproj", "{C79C9037-8F32-4833-A276-96B2FB96CCA5}"
EndProject
Project("{8BC9CEB8-8B4A-11D0-8D11-00A0C91BC942}") = "x_jk2game", "x_jk2game\x_jk2game.vcproj", "{A0451C0A-0B2F-400A-BBB1-98F517FAB30B}"
EndProject
Project("{8BC9CEB8-8B4A-11D0-8D11-00A0C91BC942}") = "x_ui", "x_ui\x_ui.vcproj", "{613EA919-780E-416D-90A9-67D3EB27F899}"
EndProject
Project("{8BC9CEB8-8B4A-11D0-8D11-00A0C91BC942}") = "goblib", "goblib\goblib.vcproj", "{0959DD50-BCBA-4551-9617-E6FD4DF85298}"
EndProject
Global
	GlobalSection(SolutionConfigurationPlatforms) = preSolution
		Debug|Default = Debug|Default
		Final|Default = Final|Default
		Release|Default = Release|Default
	EndGlobalSection
	GlobalSection(ProjectConfigurationPlatforms) = postSolution
		{ACB93D0D-F6CB-480B-9B20-CE6C5EDC13BD}.Debug|Default.ActiveCfg = Debug|Xbox
		{ACB93D0D-F6CB-480B-9B20-CE6C5EDC13BD}.Debug|Default.Build.0 = Debug|Xbox
		{ACB93D0D-F6CB-480B-9B20-CE6C5EDC13BD}.Final|Default.ActiveCfg = FinalBuild|Xbox
		{ACB93D0D-F6CB-480B-9B20-CE6C5EDC13BD}.Final|Default.Build.0 = FinalBuild|Xbox
		{ACB93D0D-F6CB-480B-9B20-CE6C5EDC13BD}.Release|Default.ActiveCfg = Release|Xbox
		{ACB93D0D-F6CB-480B-9B20-CE6C5EDC13BD}.Release|Default.Build.0 = Release|Xbox
		{EEDF772D-5D2B-4C0F-B5C8-0A5828917847}.Debug|Default.ActiveCfg = Debug|Xbox
		{EEDF772D-5D2B-4C0F-B5C8-0A5828917847}.Debug|Default.Build.0 = Debug|Xbox
		{EEDF772D-5D2B-4C0F-B5C8-0A5828917847}.Final|Default.ActiveCfg = FinalBuild|Xbox
		{EEDF772D-5D2B-4C0F-B5C8-0A5828917847}.Final|Default.Build.0 = FinalBuild|Xbox
		{EEDF772D-5D2B-4C0F-B5C8-0A5828917847}.Release|Default.ActiveCfg = Release|Xbox
		{EEDF772D-5D2B-4C0F-B5C8-0A5828917847}.Release|Default.Build.0 = Release|Xbox
		{C79C9037-8F32-4833-A276-96B2FB96CCA5}.Debug|Default.ActiveCfg = Debug|Xbox
		{C79C9037-8F32-4833-A276-96B2FB96CCA5}.Debug|Default.Build.0 = Debug|Xbox
		{C79C9037-8F32-4833-A276-96B2FB96CCA5}.Final|Default.ActiveCfg = FinalBuild|Xbox
		{C79C9037-8F32-4833-A276-96B2FB96CCA5}.Final|Default.Build.0 = FinalBuild|Xbox
		{C79C9037-8F32-4833-A276-96B2FB96CCA5}.Release|Default.ActiveCfg = Release|Xbox
		{C79C9037-8F32-4833-A276-96B2FB96CCA5}.Release|Default.Build.0 = Release|Xbox
		{A0451C0A-0B2F-400A-BBB1-98F517FAB30B}.Debug|Default.ActiveCfg = Debug|Xbox
		{A0451C0A-0B2F-400A-BBB1-98F517FAB30B}.Debug|Default.Build.0 = Debug|Xbox
		{A0451C0A-0B2F-400A-BBB1-98F517FAB30B}.Final|Default.ActiveCfg = FinalBuild|Xbox
		{A0451C0A-0B2F-400A-BBB1-98F517FAB30B}.Final|Default.Build.0 = FinalBuild|Xbox
		{A0451C0A-0B2F-400A-BBB1-98F517FAB30B}.Release|Default.ActiveCfg = Release|Xbox
		{A0451C0A-0B2F-400A-BBB1-98F517FAB30B}.Release|Default.Build.0 = Release|Xbox
		{613EA919-780E-416D-90A9-67D3EB27F899}.Debug|Default.ActiveCfg = Debug|Xbox
		{613EA919-780E-416D-90A9-67D3EB27F899}.Debug|Default.Build.0 = Debug|Xbox
		{613EA919-780E-416D-90A9-67D3EB27F899}.Final|Default.ActiveCfg = FinalBuild|Xbox
		{613EA919-780E-416D-90A9-67D3EB27F899}.Final|Default.Build.0 = FinalBuild|Xbox
		{613EA919-780E-416D-90A9-67D3EB27F899}.Release|Default.ActiveCfg = Release|Xbox
		{613EA919-780E-416D-90A9-67D3EB27F899}.Release|Default.Build.0 = Release|Xbox
		{0959DD50-BCBA-4551-9617-E6FD4DF85298}.Debug|Default.ActiveCfg = Debug|Xbox
		{0959DD50-BCBA-4551-9617-E6FD4DF85298}.Debug|Default.Build.0 = Debug|Xbox
		{0959DD50-BCBA-4551-9617-E6FD4DF85298}.Final|Default.ActiveCfg = FinalBuild|Xbox
		{0959DD50-BCBA-4551-9617-E6FD4DF85298}.Final|Default.Build.0 = FinalBuild|Xbox
		{0959DD50-BCBA-4551-9617-E6FD4DF85298}.Release|Default.ActiveCfg = Release|Xbox
		{0959DD50-BCBA-4551-9617-E6FD4DF85298}.Release|Default.Build.0 = Release|Xbox
	EndGlobalSection
	GlobalSection(SolutionProperties) = preSolution
		HideSolutionNode = FALSE
	EndGlobalSection
	GlobalSection(DevPartner) = postSolution
	EndGlobalSection
EndGlobal
