Microsoft Visual Studio Solution File, Format Version 11.00
# Visual C++ Express 2010
Project("{8BC9CEB8-8B4A-11D0-8D11-00A0C91BC942}") = "dedicated", "dedicated.vcxproj", "{1391172E-1B92-BA1D-7811-81F5625B0F8A}"
	ProjectSection(ProjectDependencies) = postProject
		{9EDBCC16-07D3-EC5A-FEB8-D3375A0CEF72} = {9EDBCC16-07D3-EC5A-FEB8-D3375A0CEF72}
	EndProjectSection
EndProject
Project("{8BC9CEB8-8B4A-11D0-8D11-00A0C91BC942}") = "botlib", "botlib\botlib.vcxproj", "{9EDBCC16-07D3-EC5A-FEB8-D3375A0CEF72}"
EndProject
Project("{8BC9CEB8-8B4A-11D0-8D11-00A0C91BC942}") = "engine", "engine.vcxproj", "{940CECBC-C6E6-DBE5-B493-0A64D54AFDF6}"
	ProjectSection(ProjectDependencies) = postProject
		{9EDBCC16-07D3-EC5A-FEB8-D3375A0CEF72} = {9EDBCC16-07D3-EC5A-FEB8-D3375A0CEF72}
	EndProjectSection
EndProject
Project("{8BC9CEB8-8B4A-11D0-8D11-00A0C91BC942}") = "ui", "ui\ui.vcxproj", "{2DDA2041-6A68-4754-B342-14039CC91695}"
EndProject
Project("{8BC9CEB8-8B4A-11D0-8D11-00A0C91BC942}") = "cgame", "cgame\cgame.vcxproj", "{4DC69D68-9DB8-4DEB-AC63-481153B1F41D}"
EndProject
Project("{8BC9CEB8-8B4A-11D0-8D11-00A0C91BC942}") = "game", "game\game.vcxproj", "{5B587283-8429-4F8B-AECA-C09BF364B617}"
EndProject
Global
	GlobalSection(SolutionConfigurationPlatforms) = preSolution
		Debug|Win32 = Debug|Win32
		Release|Win32 = Release|Win32
	EndGlobalSection
	GlobalSection(ProjectConfigurationPlatforms) = postSolution
		{1391172E-1B92-BA1D-7811-81F5625B0F8A}.Debug|Win32.ActiveCfg = Debug|Win32
		{1391172E-1B92-BA1D-7811-81F5625B0F8A}.Release|Win32.ActiveCfg = Release|Win32
		{1391172E-1B92-BA1D-7811-81F5625B0F8A}.Release|Win32.Build.0 = Release|Win32
		{9EDBCC16-07D3-EC5A-FEB8-D3375A0CEF72}.Debug|Win32.ActiveCfg = Debug|Win32
		{9EDBCC16-07D3-EC5A-FEB8-D3375A0CEF72}.Debug|Win32.Build.0 = Debug|Win32
		{9EDBCC16-07D3-EC5A-FEB8-D3375A0CEF72}.Release|Win32.ActiveCfg = Release|Win32
		{9EDBCC16-07D3-EC5A-FEB8-D3375A0CEF72}.Release|Win32.Build.0 = Release|Win32
		{940CECBC-C6E6-DBE5-B493-0A64D54AFDF6}.Debug|Win32.ActiveCfg = Debug|Win32
		{940CECBC-C6E6-DBE5-B493-0A64D54AFDF6}.Debug|Win32.Build.0 = Debug|Win32
		{940CECBC-C6E6-DBE5-B493-0A64D54AFDF6}.Release|Win32.ActiveCfg = Release|Win32
		{940CECBC-C6E6-DBE5-B493-0A64D54AFDF6}.Release|Win32.Build.0 = Release|Win32
		{2DDA2041-6A68-4754-B342-14039CC91695}.Debug|Win32.ActiveCfg = Debug|Win32
		{2DDA2041-6A68-4754-B342-14039CC91695}.Debug|Win32.Build.0 = Debug|Win32
		{2DDA2041-6A68-4754-B342-14039CC91695}.Release|Win32.ActiveCfg = Final|Win32
		{4DC69D68-9DB8-4DEB-AC63-481153B1F41D}.Debug|Win32.ActiveCfg = Debug|Win32
		{4DC69D68-9DB8-4DEB-AC63-481153B1F41D}.Debug|Win32.Build.0 = Debug|Win32
		{4DC69D68-9DB8-4DEB-AC63-481153B1F41D}.Release|Win32.ActiveCfg = Final|Win32
		{5B587283-8429-4F8B-AECA-C09BF364B617}.Debug|Win32.ActiveCfg = Debug|Win32
		{5B587283-8429-4F8B-AECA-C09BF364B617}.Debug|Win32.Build.0 = Debug|Win32
		{5B587283-8429-4F8B-AECA-C09BF364B617}.Release|Win32.ActiveCfg = Final|Win32
	EndGlobalSection
	GlobalSection(SolutionProperties) = preSolution
		HideSolutionNode = FALSE
	EndGlobalSection
	GlobalSection(DevPartner) = postSolution
	EndGlobalSection
EndGlobal
